
Microsoft Visual Studio Solution File, Format Version 12.00
# Visual Studio Version 17
VisualStudioVersion = 17.8.34511.84
MinimumVisualStudioVersion = 10.0.40219.1
Project("{FAE04EC0-301F-11D3-BF4B-00C04F79EFBC}") = "Hello-World", "Hello-World.csproj", "{C4B1752D-B426-49C2-8744-55B79D53D0B5}"
EndProject
Global
	GlobalSection(SolutionConfigurationPlatforms) = preSolution
		Debug|Any CPU = Debug|Any CPU
		Release|Any CPU = Release|Any CPU
	EndGlobalSection
	GlobalSection(ProjectConfigurationPlatforms) = postSolution
		{C4B1752D-B426-49C2-8744-55B79D53D0B5}.Debug|Any CPU.ActiveCfg = Debug|Any CPU
		{C4B1752D-B426-49C2-8744-55B79D53D0B5}.Debug|Any CPU.Build.0 = Debug|Any CPU
		{C4B1752D-B426-49C2-8744-55B79D53D0B5}.Release|Any CPU.ActiveCfg = Release|Any CPU
		{C4B1752D-B426-49C2-8744-55B79D53D0B5}.Release|Any CPU.Build.0 = Release|Any CPU
	EndGlobalSection
	GlobalSection(SolutionProperties) = preSolution
		HideSolutionNode = FALSE
	EndGlobalSection
	GlobalSection(ExtensibilityGlobals) = postSolution
		SolutionGuid = {1A37E324-C1E9-408D-BFF8-2B2CE3AA78BA}
	EndGlobalSection
EndGlobal
